// !$*UTF8*$!
{
	archiveVersion = 1;
	classes = {
	};
	objectVersion = 50;
	objects = {

/* Begin PBXBuildFile section */
		32B5319CC3A5D3BBDDAB2084 /* Pods_CafeManager_cobsccomp192p_047_cw.framework in Frameworks */ = {isa = PBXBuildFile; fileRef = 3DA042B6D242B588310CB539 /* Pods_CafeManager_cobsccomp192p_047_cw.framework */; };
		790788E9263C0E3A00AECB6A /* AppDelegate.swift in Sources */ = {isa = PBXBuildFile; fileRef = 790788E8263C0E3A00AECB6A /* AppDelegate.swift */; };
		790788EB263C0E3A00AECB6A /* SceneDelegate.swift in Sources */ = {isa = PBXBuildFile; fileRef = 790788EA263C0E3A00AECB6A /* SceneDelegate.swift */; };
		790788ED263C0E3A00AECB6A /* ViewController.swift in Sources */ = {isa = PBXBuildFile; fileRef = 790788EC263C0E3A00AECB6A /* ViewController.swift */; };
		790788F0263C0E3A00AECB6A /* Main.storyboard in Resources */ = {isa = PBXBuildFile; fileRef = 790788EE263C0E3A00AECB6A /* Main.storyboard */; };
		790788F2263C0E3C00AECB6A /* Assets.xcassets in Resources */ = {isa = PBXBuildFile; fileRef = 790788F1263C0E3C00AECB6A /* Assets.xcassets */; };
		790788F5263C0E3C00AECB6A /* LaunchScreen.storyboard in Resources */ = {isa = PBXBuildFile; fileRef = 790788F3263C0E3C00AECB6A /* LaunchScreen.storyboard */; };
		79078900263C0E3C00AECB6A /* CafeManager_cobsccomp192p_047_cwTests.swift in Sources */ = {isa = PBXBuildFile; fileRef = 790788FF263C0E3C00AECB6A /* CafeManager_cobsccomp192p_047_cwTests.swift */; };
		7907890B263C0E3C00AECB6A /* CafeManager_cobsccomp192p_047_cwUITests.swift in Sources */ = {isa = PBXBuildFile; fileRef = 7907890A263C0E3C00AECB6A /* CafeManager_cobsccomp192p_047_cwUITests.swift */; };
		7907891F263C10C900AECB6A /* GoogleService-Info.plist in Resources */ = {isa = PBXBuildFile; fileRef = 7907891E263C10C900AECB6A /* GoogleService-Info.plist */; };
		8093042BE31B43F57F63D94E /* Pods_CafeManager_cobsccomp192p_047_cw_CafeManager_cobsccomp192p_047_cwUITests.framework in Frameworks */ = {isa = PBXBuildFile; fileRef = 3D47F084F07101B5BFC129E6 /* Pods_CafeManager_cobsccomp192p_047_cw_CafeManager_cobsccomp192p_047_cwUITests.framework */; };
		8FBD2F8864FCB92111225FDD /* Pods_CafeManager_cobsccomp192p_047_cwTests.framework in Frameworks */ = {isa = PBXBuildFile; fileRef = 29A99888A10BB2063856D3ED /* Pods_CafeManager_cobsccomp192p_047_cwTests.framework */; };
/* End PBXBuildFile section */

/* Begin PBXContainerItemProxy section */
		790788FC263C0E3C00AECB6A /* PBXContainerItemProxy */ = {
			isa = PBXContainerItemProxy;
			containerPortal = 790788DD263C0E3A00AECB6A /* Project object */;
			proxyType = 1;
			remoteGlobalIDString = 790788E4263C0E3A00AECB6A;
			remoteInfo = "CafeManager_cobsccomp192p-047_cw";
		};
		79078907263C0E3C00AECB6A /* PBXContainerItemProxy */ = {
			isa = PBXContainerItemProxy;
			containerPortal = 790788DD263C0E3A00AECB6A /* Project object */;
			proxyType = 1;
			remoteGlobalIDString = 790788E4263C0E3A00AECB6A;
			remoteInfo = "CafeManager_cobsccomp192p-047_cw";
		};
/* End PBXContainerItemProxy section */

/* Begin PBXFileReference section */
		0C0B745E61FFB986CC1FD272 /* Pods-CafeManager_cobsccomp192p-047_cw.debug.xcconfig */ = {isa = PBXFileReference; includeInIndex = 1; lastKnownFileType = text.xcconfig; name = "Pods-CafeManager_cobsccomp192p-047_cw.debug.xcconfig"; path = "Target Support Files/Pods-CafeManager_cobsccomp192p-047_cw/Pods-CafeManager_cobsccomp192p-047_cw.debug.xcconfig"; sourceTree = "<group>"; };
		29A99888A10BB2063856D3ED /* Pods_CafeManager_cobsccomp192p_047_cwTests.framework */ = {isa = PBXFileReference; explicitFileType = wrapper.framework; includeInIndex = 0; path = Pods_CafeManager_cobsccomp192p_047_cwTests.framework; sourceTree = BUILT_PRODUCTS_DIR; };
		3D47F084F07101B5BFC129E6 /* Pods_CafeManager_cobsccomp192p_047_cw_CafeManager_cobsccomp192p_047_cwUITests.framework */ = {isa = PBXFileReference; explicitFileType = wrapper.framework; includeInIndex = 0; path = Pods_CafeManager_cobsccomp192p_047_cw_CafeManager_cobsccomp192p_047_cwUITests.framework; sourceTree = BUILT_PRODUCTS_DIR; };
		3DA042B6D242B588310CB539 /* Pods_CafeManager_cobsccomp192p_047_cw.framework */ = {isa = PBXFileReference; explicitFileType = wrapper.framework; includeInIndex = 0; path = Pods_CafeManager_cobsccomp192p_047_cw.framework; sourceTree = BUILT_PRODUCTS_DIR; };
		3F15B4B2D1A47A53C33FABD5 /* Pods-CafeManager_cobsccomp192p-047_cwTests.release.xcconfig */ = {isa = PBXFileReference; includeInIndex = 1; lastKnownFileType = text.xcconfig; name = "Pods-CafeManager_cobsccomp192p-047_cwTests.release.xcconfig"; path = "Target Support Files/Pods-CafeManager_cobsccomp192p-047_cwTests/Pods-CafeManager_cobsccomp192p-047_cwTests.release.xcconfig"; sourceTree = "<group>"; };
		437168FFBFE468F04CFB1C71 /* Pods-CafeManager_cobsccomp192p-047_cw-CafeManager_cobsccomp192p-047_cwUITests.release.xcconfig */ = {isa = PBXFileReference; includeInIndex = 1; lastKnownFileType = text.xcconfig; name = "Pods-CafeManager_cobsccomp192p-047_cw-CafeManager_cobsccomp192p-047_cwUITests.release.xcconfig"; path = "Target Support Files/Pods-CafeManager_cobsccomp192p-047_cw-CafeManager_cobsccomp192p-047_cwUITests/Pods-CafeManager_cobsccomp192p-047_cw-CafeManager_cobsccomp192p-047_cwUITests.release.xcconfig"; sourceTree = "<group>"; };
		790788E5263C0E3A00AECB6A /* CafeManager_cobsccomp192p-047_cw.app */ = {isa = PBXFileReference; explicitFileType = wrapper.application; includeInIndex = 0; path = "CafeManager_cobsccomp192p-047_cw.app"; sourceTree = BUILT_PRODUCTS_DIR; };
		790788E8263C0E3A00AECB6A /* AppDelegate.swift */ = {isa = PBXFileReference; lastKnownFileType = sourcecode.swift; path = AppDelegate.swift; sourceTree = "<group>"; };
		790788EA263C0E3A00AECB6A /* SceneDelegate.swift */ = {isa = PBXFileReference; lastKnownFileType = sourcecode.swift; path = SceneDelegate.swift; sourceTree = "<group>"; };
		790788EC263C0E3A00AECB6A /* ViewController.swift */ = {isa = PBXFileReference; lastKnownFileType = sourcecode.swift; path = ViewController.swift; sourceTree = "<group>"; };
		790788EF263C0E3A00AECB6A /* Base */ = {isa = PBXFileReference; lastKnownFileType = file.storyboard; name = Base; path = Base.lproj/Main.storyboard; sourceTree = "<group>"; };
		790788F1263C0E3C00AECB6A /* Assets.xcassets */ = {isa = PBXFileReference; lastKnownFileType = folder.assetcatalog; path = Assets.xcassets; sourceTree = "<group>"; };
		790788F4263C0E3C00AECB6A /* Base */ = {isa = PBXFileReference; lastKnownFileType = file.storyboard; name = Base; path = Base.lproj/LaunchScreen.storyboard; sourceTree = "<group>"; };
		790788F6263C0E3C00AECB6A /* Info.plist */ = {isa = PBXFileReference; lastKnownFileType = text.plist.xml; path = Info.plist; sourceTree = "<group>"; };
		790788FB263C0E3C00AECB6A /* CafeManager_cobsccomp192p-047_cwTests.xctest */ = {isa = PBXFileReference; explicitFileType = wrapper.cfbundle; includeInIndex = 0; path = "CafeManager_cobsccomp192p-047_cwTests.xctest"; sourceTree = BUILT_PRODUCTS_DIR; };
		790788FF263C0E3C00AECB6A /* CafeManager_cobsccomp192p_047_cwTests.swift */ = {isa = PBXFileReference; lastKnownFileType = sourcecode.swift; path = CafeManager_cobsccomp192p_047_cwTests.swift; sourceTree = "<group>"; };
		79078901263C0E3C00AECB6A /* Info.plist */ = {isa = PBXFileReference; lastKnownFileType = text.plist.xml; path = Info.plist; sourceTree = "<group>"; };
		79078906263C0E3C00AECB6A /* CafeManager_cobsccomp192p-047_cwUITests.xctest */ = {isa = PBXFileReference; explicitFileType = wrapper.cfbundle; includeInIndex = 0; path = "CafeManager_cobsccomp192p-047_cwUITests.xctest"; sourceTree = BUILT_PRODUCTS_DIR; };
		7907890A263C0E3C00AECB6A /* CafeManager_cobsccomp192p_047_cwUITests.swift */ = {isa = PBXFileReference; lastKnownFileType = sourcecode.swift; path = CafeManager_cobsccomp192p_047_cwUITests.swift; sourceTree = "<group>"; };
		7907890C263C0E3C00AECB6A /* Info.plist */ = {isa = PBXFileReference; lastKnownFileType = text.plist.xml; path = Info.plist; sourceTree = "<group>"; };
		7907891E263C10C900AECB6A /* GoogleService-Info.plist */ = {isa = PBXFileReference; fileEncoding = 4; lastKnownFileType = text.plist.xml; path = "GoogleService-Info.plist"; sourceTree = "<group>"; };
		99C4BB7684996BC2E65C566B /* Pods-CafeManager_cobsccomp192p-047_cwTests.debug.xcconfig */ = {isa = PBXFileReference; includeInIndex = 1; lastKnownFileType = text.xcconfig; name = "Pods-CafeManager_cobsccomp192p-047_cwTests.debug.xcconfig"; path = "Target Support Files/Pods-CafeManager_cobsccomp192p-047_cwTests/Pods-CafeManager_cobsccomp192p-047_cwTests.debug.xcconfig"; sourceTree = "<group>"; };
		C7D39929A391FBF2E8879BE8 /* Pods-CafeManager_cobsccomp192p-047_cw.release.xcconfig */ = {isa = PBXFileReference; includeInIndex = 1; lastKnownFileType = text.xcconfig; name = "Pods-CafeManager_cobsccomp192p-047_cw.release.xcconfig"; path = "Target Support Files/Pods-CafeManager_cobsccomp192p-047_cw/Pods-CafeManager_cobsccomp192p-047_cw.release.xcconfig"; sourceTree = "<group>"; };
		F6E2AFB12C34362F3DC2CC89 /* Pods-CafeManager_cobsccomp192p-047_cw-CafeManager_cobsccomp192p-047_cwUITests.debug.xcconfig */ = {isa = PBXFileReference; includeInIndex = 1; lastKnownFileType = text.xcconfig; name = "Pods-CafeManager_cobsccomp192p-047_cw-CafeManager_cobsccomp192p-047_cwUITests.debug.xcconfig"; path = "Target Support Files/Pods-CafeManager_cobsccomp192p-047_cw-CafeManager_cobsccomp192p-047_cwUITests/Pods-CafeManager_cobsccomp192p-047_cw-CafeManager_cobsccomp192p-047_cwUITests.debug.xcconfig"; sourceTree = "<group>"; };
/* End PBXFileReference section */

/* Begin PBXFrameworksBuildPhase section */
		790788E2263C0E3A00AECB6A /* Frameworks */ = {
			isa = PBXFrameworksBuildPhase;
			buildActionMask = 2147483647;
			files = (
				32B5319CC3A5D3BBDDAB2084 /* Pods_CafeManager_cobsccomp192p_047_cw.framework in Frameworks */,
			);
			runOnlyForDeploymentPostprocessing = 0;
		};
		790788F8263C0E3C00AECB6A /* Frameworks */ = {
			isa = PBXFrameworksBuildPhase;
			buildActionMask = 2147483647;
			files = (
				8FBD2F8864FCB92111225FDD /* Pods_CafeManager_cobsccomp192p_047_cwTests.framework in Frameworks */,
			);
			runOnlyForDeploymentPostprocessing = 0;
		};
		79078903263C0E3C00AECB6A /* Frameworks */ = {
			isa = PBXFrameworksBuildPhase;
			buildActionMask = 2147483647;
			files = (
				8093042BE31B43F57F63D94E /* Pods_CafeManager_cobsccomp192p_047_cw_CafeManager_cobsccomp192p_047_cwUITests.framework in Frameworks */,
			);
			runOnlyForDeploymentPostprocessing = 0;
		};
/* End PBXFrameworksBuildPhase section */

/* Begin PBXGroup section */
		62D1DA3376E6B65E483A29A3 /* Frameworks */ = {
			isa = PBXGroup;
			children = (
				3DA042B6D242B588310CB539 /* Pods_CafeManager_cobsccomp192p_047_cw.framework */,
				3D47F084F07101B5BFC129E6 /* Pods_CafeManager_cobsccomp192p_047_cw_CafeManager_cobsccomp192p_047_cwUITests.framework */,
				29A99888A10BB2063856D3ED /* Pods_CafeManager_cobsccomp192p_047_cwTests.framework */,
			);
			name = Frameworks;
			sourceTree = "<group>";
		};
		790788DC263C0E3A00AECB6A = {
			isa = PBXGroup;
			children = (
				790788E7263C0E3A00AECB6A /* CafeManager_cobsccomp192p-047_cw */,
				790788FE263C0E3C00AECB6A /* CafeManager_cobsccomp192p-047_cwTests */,
				79078909263C0E3C00AECB6A /* CafeManager_cobsccomp192p-047_cwUITests */,
				790788E6263C0E3A00AECB6A /* Products */,
				D2D98C573AC257A415833A62 /* Pods */,
				62D1DA3376E6B65E483A29A3 /* Frameworks */,
			);
			sourceTree = "<group>";
		};
		790788E6263C0E3A00AECB6A /* Products */ = {
			isa = PBXGroup;
			children = (
				790788E5263C0E3A00AECB6A /* CafeManager_cobsccomp192p-047_cw.app */,
				790788FB263C0E3C00AECB6A /* CafeManager_cobsccomp192p-047_cwTests.xctest */,
				79078906263C0E3C00AECB6A /* CafeManager_cobsccomp192p-047_cwUITests.xctest */,
			);
			name = Products;
			sourceTree = "<group>";
		};
		790788E7263C0E3A00AECB6A /* CafeManager_cobsccomp192p-047_cw */ = {
			isa = PBXGroup;
			children = (
				790788E8263C0E3A00AECB6A /* AppDelegate.swift */,
				790788EA263C0E3A00AECB6A /* SceneDelegate.swift */,
				790788EC263C0E3A00AECB6A /* ViewController.swift */,
				790788EE263C0E3A00AECB6A /* Main.storyboard */,
				790788F1263C0E3C00AECB6A /* Assets.xcassets */,
				790788F3263C0E3C00AECB6A /* LaunchScreen.storyboard */,
				7907891E263C10C900AECB6A /* GoogleService-Info.plist */,
				790788F6263C0E3C00AECB6A /* Info.plist */,
			);
			path = "CafeManager_cobsccomp192p-047_cw";
			sourceTree = "<group>";
		};
		790788FE263C0E3C00AECB6A /* CafeManager_cobsccomp192p-047_cwTests */ = {
			isa = PBXGroup;
			children = (
				790788FF263C0E3C00AECB6A /* CafeManager_cobsccomp192p_047_cwTests.swift */,
				79078901263C0E3C00AECB6A /* Info.plist */,
			);
			path = "CafeManager_cobsccomp192p-047_cwTests";
			sourceTree = "<group>";
		};
		79078909263C0E3C00AECB6A /* CafeManager_cobsccomp192p-047_cwUITests */ = {
			isa = PBXGroup;
			children = (
				7907890A263C0E3C00AECB6A /* CafeManager_cobsccomp192p_047_cwUITests.swift */,
				7907890C263C0E3C00AECB6A /* Info.plist */,
			);
			path = "CafeManager_cobsccomp192p-047_cwUITests";
			sourceTree = "<group>";
		};
		D2D98C573AC257A415833A62 /* Pods */ = {
			isa = PBXGroup;
			children = (
				0C0B745E61FFB986CC1FD272 /* Pods-CafeManager_cobsccomp192p-047_cw.debug.xcconfig */,
				C7D39929A391FBF2E8879BE8 /* Pods-CafeManager_cobsccomp192p-047_cw.release.xcconfig */,
				F6E2AFB12C34362F3DC2CC89 /* Pods-CafeManager_cobsccomp192p-047_cw-CafeManager_cobsccomp192p-047_cwUITests.debug.xcconfig */,
				437168FFBFE468F04CFB1C71 /* Pods-CafeManager_cobsccomp192p-047_cw-CafeManager_cobsccomp192p-047_cwUITests.release.xcconfig */,
				99C4BB7684996BC2E65C566B /* Pods-CafeManager_cobsccomp192p-047_cwTests.debug.xcconfig */,
				3F15B4B2D1A47A53C33FABD5 /* Pods-CafeManager_cobsccomp192p-047_cwTests.release.xcconfig */,
			);
			name = Pods;
			path = Pods;
			sourceTree = "<group>";
		};
/* End PBXGroup section */

/* Begin PBXNativeTarget section */
		790788E4263C0E3A00AECB6A /* CafeManager_cobsccomp192p-047_cw */ = {
			isa = PBXNativeTarget;
			buildConfigurationList = 7907890F263C0E3C00AECB6A /* Build configuration list for PBXNativeTarget "CafeManager_cobsccomp192p-047_cw" */;
			buildPhases = (
				E70E56EF7DA2E325B04B436E /* [CP] Check Pods Manifest.lock */,
				790788E1263C0E3A00AECB6A /* Sources */,
				790788E2263C0E3A00AECB6A /* Frameworks */,
				790788E3263C0E3A00AECB6A /* Resources */,
				6C64DC76EEADC74673704C64 /* [CP] Embed Pods Frameworks */,
			);
			buildRules = (
			);
			dependencies = (
			);
			name = "CafeManager_cobsccomp192p-047_cw";
			productName = "CafeManager_cobsccomp192p-047_cw";
			productReference = 790788E5263C0E3A00AECB6A /* CafeManager_cobsccomp192p-047_cw.app */;
			productType = "com.apple.product-type.application";
		};
		790788FA263C0E3C00AECB6A /* CafeManager_cobsccomp192p-047_cwTests */ = {
			isa = PBXNativeTarget;
			buildConfigurationList = 79078912263C0E3C00AECB6A /* Build configuration list for PBXNativeTarget "CafeManager_cobsccomp192p-047_cwTests" */;
			buildPhases = (
				AF135F86F01DE6F9DB80CE7F /* [CP] Check Pods Manifest.lock */,
				790788F7263C0E3C00AECB6A /* Sources */,
				790788F8263C0E3C00AECB6A /* Frameworks */,
				790788F9263C0E3C00AECB6A /* Resources */,
			);
			buildRules = (
			);
			dependencies = (
				790788FD263C0E3C00AECB6A /* PBXTargetDependency */,
			);
			name = "CafeManager_cobsccomp192p-047_cwTests";
			productName = "CafeManager_cobsccomp192p-047_cwTests";
			productReference = 790788FB263C0E3C00AECB6A /* CafeManager_cobsccomp192p-047_cwTests.xctest */;
			productType = "com.apple.product-type.bundle.unit-test";
		};
		79078905263C0E3C00AECB6A /* CafeManager_cobsccomp192p-047_cwUITests */ = {
			isa = PBXNativeTarget;
			buildConfigurationList = 79078915263C0E3C00AECB6A /* Build configuration list for PBXNativeTarget "CafeManager_cobsccomp192p-047_cwUITests" */;
			buildPhases = (
				A7F31B5DC0EF2534C2775535 /* [CP] Check Pods Manifest.lock */,
				79078902263C0E3C00AECB6A /* Sources */,
				79078903263C0E3C00AECB6A /* Frameworks */,
				79078904263C0E3C00AECB6A /* Resources */,
				8809AE807E37686FEBD2C074 /* [CP] Embed Pods Frameworks */,
			);
			buildRules = (
			);
			dependencies = (
				79078908263C0E3C00AECB6A /* PBXTargetDependency */,
			);
			name = "CafeManager_cobsccomp192p-047_cwUITests";
			productName = "CafeManager_cobsccomp192p-047_cwUITests";
			productReference = 79078906263C0E3C00AECB6A /* CafeManager_cobsccomp192p-047_cwUITests.xctest */;
			productType = "com.apple.product-type.bundle.ui-testing";
		};
/* End PBXNativeTarget section */

/* Begin PBXProject section */
		790788DD263C0E3A00AECB6A /* Project object */ = {
			isa = PBXProject;
			attributes = {
				LastSwiftUpdateCheck = 1240;
				LastUpgradeCheck = 1240;
				TargetAttributes = {
					790788E4263C0E3A00AECB6A = {
						CreatedOnToolsVersion = 12.4;
					};
					790788FA263C0E3C00AECB6A = {
						CreatedOnToolsVersion = 12.4;
						TestTargetID = 790788E4263C0E3A00AECB6A;
					};
					79078905263C0E3C00AECB6A = {
						CreatedOnToolsVersion = 12.4;
						TestTargetID = 790788E4263C0E3A00AECB6A;
					};
				};
			};
			buildConfigurationList = 790788E0263C0E3A00AECB6A /* Build configuration list for PBXProject "CafeManager_cobsccomp192p-047_cw" */;
			compatibilityVersion = "Xcode 9.3";
			developmentRegion = en;
			hasScannedForEncodings = 0;
			knownRegions = (
				en,
				Base,
			);
			mainGroup = 790788DC263C0E3A00AECB6A;
			productRefGroup = 790788E6263C0E3A00AECB6A /* Products */;
			projectDirPath = "";
			projectRoot = "";
			targets = (
				790788E4263C0E3A00AECB6A /* CafeManager_cobsccomp192p-047_cw */,
				790788FA263C0E3C00AECB6A /* CafeManager_cobsccomp192p-047_cwTests */,
				79078905263C0E3C00AECB6A /* CafeManager_cobsccomp192p-047_cwUITests */,
			);
		};
/* End PBXProject section */

/* Begin PBXResourcesBuildPhase section */
		790788E3263C0E3A00AECB6A /* Resources */ = {
			isa = PBXResourcesBuildPhase;
			buildActionMask = 2147483647;
			files = (
				790788F5263C0E3C00AECB6A /* LaunchScreen.storyboard in Resources */,
				7907891F263C10C900AECB6A /* GoogleService-Info.plist in Resources */,
				790788F2263C0E3C00AECB6A /* Assets.xcassets in Resources */,
				790788F0263C0E3A00AECB6A /* Main.storyboard in Resources */,
			);
			runOnlyForDeploymentPostprocessing = 0;
		};
		790788F9263C0E3C00AECB6A /* Resources */ = {
			isa = PBXResourcesBuildPhase;
			buildActionMask = 2147483647;
			files = (
			);
			runOnlyForDeploymentPostprocessing = 0;
		};
		79078904263C0E3C00AECB6A /* Resources */ = {
			isa = PBXResourcesBuildPhase;
			buildActionMask = 2147483647;
			files = (
			);
			runOnlyForDeploymentPostprocessing = 0;
		};
/* End PBXResourcesBuildPhase section */

/* Begin PBXShellScriptBuildPhase section */
		6C64DC76EEADC74673704C64 /* [CP] Embed Pods Frameworks */ = {
			isa = PBXShellScriptBuildPhase;
			buildActionMask = 2147483647;
			files = (
			);
			inputFileListPaths = (
				"${PODS_ROOT}/Target Support Files/Pods-CafeManager_cobsccomp192p-047_cw/Pods-CafeManager_cobsccomp192p-047_cw-frameworks-${CONFIGURATION}-input-files.xcfilelist",
			);
			name = "[CP] Embed Pods Frameworks";
			outputFileListPaths = (
				"${PODS_ROOT}/Target Support Files/Pods-CafeManager_cobsccomp192p-047_cw/Pods-CafeManager_cobsccomp192p-047_cw-frameworks-${CONFIGURATION}-output-files.xcfilelist",
			);
			runOnlyForDeploymentPostprocessing = 0;
			shellPath = /bin/sh;
			shellScript = "\"${PODS_ROOT}/Target Support Files/Pods-CafeManager_cobsccomp192p-047_cw/Pods-CafeManager_cobsccomp192p-047_cw-frameworks.sh\"\n";
			showEnvVarsInLog = 0;
		};
		8809AE807E37686FEBD2C074 /* [CP] Embed Pods Frameworks */ = {
			isa = PBXShellScriptBuildPhase;
			buildActionMask = 2147483647;
			files = (
			);
			inputFileListPaths = (
				"${PODS_ROOT}/Target Support Files/Pods-CafeManager_cobsccomp192p-047_cw-CafeManager_cobsccomp192p-047_cwUITests/Pods-CafeManager_cobsccomp192p-047_cw-CafeManager_cobsccomp192p-047_cwUITests-frameworks-${CONFIGURATION}-input-files.xcfilelist",
			);
			name = "[CP] Embed Pods Frameworks";
			outputFileListPaths = (
				"${PODS_ROOT}/Target Support Files/Pods-CafeManager_cobsccomp192p-047_cw-CafeManager_cobsccomp192p-047_cwUITests/Pods-CafeManager_cobsccomp192p-047_cw-CafeManager_cobsccomp192p-047_cwUITests-frameworks-${CONFIGURATION}-output-files.xcfilelist",
			);
			runOnlyForDeploymentPostprocessing = 0;
			shellPath = /bin/sh;
			shellScript = "\"${PODS_ROOT}/Target Support Files/Pods-CafeManager_cobsccomp192p-047_cw-CafeManager_cobsccomp192p-047_cwUITests/Pods-CafeManager_cobsccomp192p-047_cw-CafeManager_cobsccomp192p-047_cwUITests-frameworks.sh\"\n";
			showEnvVarsInLog = 0;
		};
		A7F31B5DC0EF2534C2775535 /* [CP] Check Pods Manifest.lock */ = {
			isa = PBXShellScriptBuildPhase;
			buildActionMask = 2147483647;
			files = (
			);
			inputFileListPaths = (
			);
			inputPaths = (
				"${PODS_PODFILE_DIR_PATH}/Podfile.lock",
				"${PODS_ROOT}/Manifest.lock",
			);
			name = "[CP] Check Pods Manifest.lock";
			outputFileListPaths = (
			);
			outputPaths = (
				"$(DERIVED_FILE_DIR)/Pods-CafeManager_cobsccomp192p-047_cw-CafeManager_cobsccomp192p-047_cwUITests-checkManifestLockResult.txt",
			);
			runOnlyForDeploymentPostprocessing = 0;
			shellPath = /bin/sh;
			shellScript = "diff \"${PODS_PODFILE_DIR_PATH}/Podfile.lock\" \"${PODS_ROOT}/Manifest.lock\" > /dev/null\nif [ $? != 0 ] ; then\n    # print error to STDERR\n    echo \"error: The sandbox is not in sync with the Podfile.lock. Run 'pod install' or update your CocoaPods installation.\" >&2\n    exit 1\nfi\n# This output is used by Xcode 'outputs' to avoid re-running this script phase.\necho \"SUCCESS\" > \"${SCRIPT_OUTPUT_FILE_0}\"\n";
			showEnvVarsInLog = 0;
		};
		AF135F86F01DE6F9DB80CE7F /* [CP] Check Pods Manifest.lock */ = {
			isa = PBXShellScriptBuildPhase;
			buildActionMask = 2147483647;
			files = (
			);
			inputFileListPaths = (
			);
			inputPaths = (
				"${PODS_PODFILE_DIR_PATH}/Podfile.lock",
				"${PODS_ROOT}/Manifest.lock",
			);
			name = "[CP] Check Pods Manifest.lock";
			outputFileListPaths = (
			);
			outputPaths = (
				"$(DERIVED_FILE_DIR)/Pods-CafeManager_cobsccomp192p-047_cwTests-checkManifestLockResult.txt",
			);
			runOnlyForDeploymentPostprocessing = 0;
			shellPath = /bin/sh;
			shellScript = "diff \"${PODS_PODFILE_DIR_PATH}/Podfile.lock\" \"${PODS_ROOT}/Manifest.lock\" > /dev/null\nif [ $? != 0 ] ; then\n    # print error to STDERR\n    echo \"error: The sandbox is not in sync with the Podfile.lock. Run 'pod install' or update your CocoaPods installation.\" >&2\n    exit 1\nfi\n# This output is used by Xcode 'outputs' to avoid re-running this script phase.\necho \"SUCCESS\" > \"${SCRIPT_OUTPUT_FILE_0}\"\n";
			showEnvVarsInLog = 0;
		};
		E70E56EF7DA2E325B04B436E /* [CP] Check Pods Manifest.lock */ = {
			isa = PBXShellScriptBuildPhase;
			buildActionMask = 2147483647;
			files = (
			);
			inputFileListPaths = (
			);
			inputPaths = (
				"${PODS_PODFILE_DIR_PATH}/Podfile.lock",
				"${PODS_ROOT}/Manifest.lock",
			);
			name = "[CP] Check Pods Manifest.lock";
			outputFileListPaths = (
			);
			outputPaths = (
				"$(DERIVED_FILE_DIR)/Pods-CafeManager_cobsccomp192p-047_cw-checkManifestLockResult.txt",
			);
			runOnlyForDeploymentPostprocessing = 0;
			shellPath = /bin/sh;
			shellScript = "diff \"${PODS_PODFILE_DIR_PATH}/Podfile.lock\" \"${PODS_ROOT}/Manifest.lock\" > /dev/null\nif [ $? != 0 ] ; then\n    # print error to STDERR\n    echo \"error: The sandbox is not in sync with the Podfile.lock. Run 'pod install' or update your CocoaPods installation.\" >&2\n    exit 1\nfi\n# This output is used by Xcode 'outputs' to avoid re-running this script phase.\necho \"SUCCESS\" > \"${SCRIPT_OUTPUT_FILE_0}\"\n";
			showEnvVarsInLog = 0;
		};
/* End PBXShellScriptBuildPhase section */

/* Begin PBXSourcesBuildPhase section */
		790788E1263C0E3A00AECB6A /* Sources */ = {
			isa = PBXSourcesBuildPhase;
			buildActionMask = 2147483647;
			files = (
				790788ED263C0E3A00AECB6A /* ViewController.swift in Sources */,
				790788E9263C0E3A00AECB6A /* AppDelegate.swift in Sources */,
				790788EB263C0E3A00AECB6A /* SceneDelegate.swift in Sources */,
			);
			runOnlyForDeploymentPostprocessing = 0;
		};
		790788F7263C0E3C00AECB6A /* Sources */ = {
			isa = PBXSourcesBuildPhase;
			buildActionMask = 2147483647;
			files = (
				79078900263C0E3C00AECB6A /* CafeManager_cobsccomp192p_047_cwTests.swift in Sources */,
			);
			runOnlyForDeploymentPostprocessing = 0;
		};
		79078902263C0E3C00AECB6A /* Sources */ = {
			isa = PBXSourcesBuildPhase;
			buildActionMask = 2147483647;
			files = (
				7907890B263C0E3C00AECB6A /* CafeManager_cobsccomp192p_047_cwUITests.swift in Sources */,
			);
			runOnlyForDeploymentPostprocessing = 0;
		};
/* End PBXSourcesBuildPhase section */

/* Begin PBXTargetDependency section */
		790788FD263C0E3C00AECB6A /* PBXTargetDependency */ = {
			isa = PBXTargetDependency;
			target = 790788E4263C0E3A00AECB6A /* CafeManager_cobsccomp192p-047_cw */;
			targetProxy = 790788FC263C0E3C00AECB6A /* PBXContainerItemProxy */;
		};
		79078908263C0E3C00AECB6A /* PBXTargetDependency */ = {
			isa = PBXTargetDependency;
			target = 790788E4263C0E3A00AECB6A /* CafeManager_cobsccomp192p-047_cw */;
			targetProxy = 79078907263C0E3C00AECB6A /* PBXContainerItemProxy */;
		};
/* End PBXTargetDependency section */

/* Begin PBXVariantGroup section */
		790788EE263C0E3A00AECB6A /* Main.storyboard */ = {
			isa = PBXVariantGroup;
			children = (
				790788EF263C0E3A00AECB6A /* Base */,
			);
			name = Main.storyboard;
			sourceTree = "<group>";
		};
		790788F3263C0E3C00AECB6A /* LaunchScreen.storyboard */ = {
			isa = PBXVariantGroup;
			children = (
				790788F4263C0E3C00AECB6A /* Base */,
			);
			name = LaunchScreen.storyboard;
			sourceTree = "<group>";
		};
/* End PBXVariantGroup section */

/* Begin XCBuildConfiguration section */
		7907890D263C0E3C00AECB6A /* Debug */ = {
			isa = XCBuildConfiguration;
			buildSettings = {
				ALWAYS_SEARCH_USER_PATHS = NO;
				CLANG_ANALYZER_NONNULL = YES;
				CLANG_ANALYZER_NUMBER_OBJECT_CONVERSION = YES_AGGRESSIVE;
				CLANG_CXX_LANGUAGE_STANDARD = "gnu++14";
				CLANG_CXX_LIBRARY = "libc++";
				CLANG_ENABLE_MODULES = YES;
				CLANG_ENABLE_OBJC_ARC = YES;
				CLANG_ENABLE_OBJC_WEAK = YES;
				CLANG_WARN_BLOCK_CAPTURE_AUTORELEASING = YES;
				CLANG_WARN_BOOL_CONVERSION = YES;
				CLANG_WARN_COMMA = YES;
				CLANG_WARN_CONSTANT_CONVERSION = YES;
				CLANG_WARN_DEPRECATED_OBJC_IMPLEMENTATIONS = YES;
				CLANG_WARN_DIRECT_OBJC_ISA_USAGE = YES_ERROR;
				CLANG_WARN_DOCUMENTATION_COMMENTS = YES;
				CLANG_WARN_EMPTY_BODY = YES;
				CLANG_WARN_ENUM_CONVERSION = YES;
				CLANG_WARN_INFINITE_RECURSION = YES;
				CLANG_WARN_INT_CONVERSION = YES;
				CLANG_WARN_NON_LITERAL_NULL_CONVERSION = YES;
				CLANG_WARN_OBJC_IMPLICIT_RETAIN_SELF = YES;
				CLANG_WARN_OBJC_LITERAL_CONVERSION = YES;
				CLANG_WARN_OBJC_ROOT_CLASS = YES_ERROR;
				CLANG_WARN_QUOTED_INCLUDE_IN_FRAMEWORK_HEADER = YES;
				CLANG_WARN_RANGE_LOOP_ANALYSIS = YES;
				CLANG_WARN_STRICT_PROTOTYPES = YES;
				CLANG_WARN_SUSPICIOUS_MOVE = YES;
				CLANG_WARN_UNGUARDED_AVAILABILITY = YES_AGGRESSIVE;
				CLANG_WARN_UNREACHABLE_CODE = YES;
				CLANG_WARN__DUPLICATE_METHOD_MATCH = YES;
				COPY_PHASE_STRIP = NO;
				DEBUG_INFORMATION_FORMAT = dwarf;
				ENABLE_STRICT_OBJC_MSGSEND = YES;
				ENABLE_TESTABILITY = YES;
				GCC_C_LANGUAGE_STANDARD = gnu11;
				GCC_DYNAMIC_NO_PIC = NO;
				GCC_NO_COMMON_BLOCKS = YES;
				GCC_OPTIMIZATION_LEVEL = 0;
				GCC_PREPROCESSOR_DEFINITIONS = (
					"DEBUG=1",
					"$(inherited)",
				);
				GCC_WARN_64_TO_32_BIT_CONVERSION = YES;
				GCC_WARN_ABOUT_RETURN_TYPE = YES_ERROR;
				GCC_WARN_UNDECLARED_SELECTOR = YES;
				GCC_WARN_UNINITIALIZED_AUTOS = YES_AGGRESSIVE;
				GCC_WARN_UNUSED_FUNCTION = YES;
				GCC_WARN_UNUSED_VARIABLE = YES;
				IPHONEOS_DEPLOYMENT_TARGET = 14.4;
				MTL_ENABLE_DEBUG_INFO = INCLUDE_SOURCE;
				MTL_FAST_MATH = YES;
				ONLY_ACTIVE_ARCH = YES;
				SDKROOT = iphoneos;
				SWIFT_ACTIVE_COMPILATION_CONDITIONS = DEBUG;
				SWIFT_OPTIMIZATION_LEVEL = "-Onone";
			};
			name = Debug;
		};
		7907890E263C0E3C00AECB6A /* Release */ = {
			isa = XCBuildConfiguration;
			buildSettings = {
				ALWAYS_SEARCH_USER_PATHS = NO;
				CLANG_ANALYZER_NONNULL = YES;
				CLANG_ANALYZER_NUMBER_OBJECT_CONVERSION = YES_AGGRESSIVE;
				CLANG_CXX_LANGUAGE_STANDARD = "gnu++14";
				CLANG_CXX_LIBRARY = "libc++";
				CLANG_ENABLE_MODULES = YES;
				CLANG_ENABLE_OBJC_ARC = YES;
				CLANG_ENABLE_OBJC_WEAK = YES;
				CLANG_WARN_BLOCK_CAPTURE_AUTORELEASING = YES;
				CLANG_WARN_BOOL_CONVERSION = YES;
				CLANG_WARN_COMMA = YES;
				CLANG_WARN_CONSTANT_CONVERSION = YES;
				CLANG_WARN_DEPRECATED_OBJC_IMPLEMENTATIONS = YES;
				CLANG_WARN_DIRECT_OBJC_ISA_USAGE = YES_ERROR;
				CLANG_WARN_DOCUMENTATION_COMMENTS = YES;
				CLANG_WARN_EMPTY_BODY = YES;
				CLANG_WARN_ENUM_CONVERSION = YES;
				CLANG_WARN_INFINITE_RECURSION = YES;
				CLANG_WARN_INT_CONVERSION = YES;
				CLANG_WARN_NON_LITERAL_NULL_CONVERSION = YES;
				CLANG_WARN_OBJC_IMPLICIT_RETAIN_SELF = YES;
				CLANG_WARN_OBJC_LITERAL_CONVERSION = YES;
				CLANG_WARN_OBJC_ROOT_CLASS = YES_ERROR;
				CLANG_WARN_QUOTED_INCLUDE_IN_FRAMEWORK_HEADER = YES;
				CLANG_WARN_RANGE_LOOP_ANALYSIS = YES;
				CLANG_WARN_STRICT_PROTOTYPES = YES;
				CLANG_WARN_SUSPICIOUS_MOVE = YES;
				CLANG_WARN_UNGUARDED_AVAILABILITY = YES_AGGRESSIVE;
				CLANG_WARN_UNREACHABLE_CODE = YES;
				CLANG_WARN__DUPLICATE_METHOD_MATCH = YES;
				COPY_PHASE_STRIP = NO;
				DEBUG_INFORMATION_FORMAT = "dwarf-with-dsym";
				ENABLE_NS_ASSERTIONS = NO;
				ENABLE_STRICT_OBJC_MSGSEND = YES;
				GCC_C_LANGUAGE_STANDARD = gnu11;
				GCC_NO_COMMON_BLOCKS = YES;
				GCC_WARN_64_TO_32_BIT_CONVERSION = YES;
				GCC_WARN_ABOUT_RETURN_TYPE = YES_ERROR;
				GCC_WARN_UNDECLARED_SELECTOR = YES;
				GCC_WARN_UNINITIALIZED_AUTOS = YES_AGGRESSIVE;
				GCC_WARN_UNUSED_FUNCTION = YES;
				GCC_WARN_UNUSED_VARIABLE = YES;
				IPHONEOS_DEPLOYMENT_TARGET = 14.4;
				MTL_ENABLE_DEBUG_INFO = NO;
				MTL_FAST_MATH = YES;
				SDKROOT = iphoneos;
				SWIFT_COMPILATION_MODE = wholemodule;
				SWIFT_OPTIMIZATION_LEVEL = "-O";
				VALIDATE_PRODUCT = YES;
			};
			name = Release;
		};
		79078910263C0E3C00AECB6A /* Debug */ = {
			isa = XCBuildConfiguration;
			baseConfigurationReference = 0C0B745E61FFB986CC1FD272 /* Pods-CafeManager_cobsccomp192p-047_cw.debug.xcconfig */;
			buildSettings = {
				ASSETCATALOG_COMPILER_APPICON_NAME = AppIcon;
				ASSETCATALOG_COMPILER_GLOBAL_ACCENT_COLOR_NAME = AccentColor;
				CODE_SIGN_STYLE = Automatic;
				INFOPLIST_FILE = "CafeManager_cobsccomp192p-047_cw/Info.plist";
				LD_RUNPATH_SEARCH_PATHS = (
					"$(inherited)",
					"@executable_path/Frameworks",
				);
				PRODUCT_BUNDLE_IDENTIFIER = "nibm.CafeManager-cobsccomp192p-047-cw";
				PRODUCT_NAME = "$(TARGET_NAME)";
				SWIFT_VERSION = 5.0;
				TARGETED_DEVICE_FAMILY = "1,2";
			};
			name = Debug;
		};
		79078911263C0E3C00AECB6A /* Release */ = {
			isa = XCBuildConfiguration;
			baseConfigurationReference = C7D39929A391FBF2E8879BE8 /* Pods-CafeManager_cobsccomp192p-047_cw.release.xcconfig */;
			buildSettings = {
				ASSETCATALOG_COMPILER_APPICON_NAME = AppIcon;
				ASSETCATALOG_COMPILER_GLOBAL_ACCENT_COLOR_NAME = AccentColor;
				CODE_SIGN_STYLE = Automatic;
				INFOPLIST_FILE = "CafeManager_cobsccomp192p-047_cw/Info.plist";
				LD_RUNPATH_SEARCH_PATHS = (
					"$(inherited)",
					"@executable_path/Frameworks",
				);
				PRODUCT_BUNDLE_IDENTIFIER = "nibm.CafeManager-cobsccomp192p-047-cw";
				PRODUCT_NAME = "$(TARGET_NAME)";
				SWIFT_VERSION = 5.0;
				TARGETED_DEVICE_FAMILY = "1,2";
			};
			name = Release;
		};
		79078913263C0E3C00AECB6A /* Debug */ = {
			isa = XCBuildConfiguration;
			baseConfigurationReference = 99C4BB7684996BC2E65C566B /* Pods-CafeManager_cobsccomp192p-047_cwTests.debug.xcconfig */;
			buildSettings = {
				ALWAYS_EMBED_SWIFT_STANDARD_LIBRARIES = YES;
				BUNDLE_LOADER = "$(TEST_HOST)";
				CODE_SIGN_STYLE = Automatic;
				INFOPLIST_FILE = "CafeManager_cobsccomp192p-047_cwTests/Info.plist";
				IPHONEOS_DEPLOYMENT_TARGET = 14.4;
				LD_RUNPATH_SEARCH_PATHS = (
					"$(inherited)",
					"@executable_path/Frameworks",
					"@loader_path/Frameworks",
				);
				PRODUCT_BUNDLE_IDENTIFIER = "nibm.CafeManager-cobsccomp192p-047-cwTests";
				PRODUCT_NAME = "$(TARGET_NAME)";
				SWIFT_VERSION = 5.0;
				TARGETED_DEVICE_FAMILY = "1,2";
				TEST_HOST = "$(BUILT_PRODUCTS_DIR)/CafeManager_cobsccomp192p-047_cw.app/CafeManager_cobsccomp192p-047_cw";
			};
			name = Debug;
		};
		79078914263C0E3C00AECB6A /* Release */ = {
			isa = XCBuildConfiguration;
			baseConfigurationReference = 3F15B4B2D1A47A53C33FABD5 /* Pods-CafeManager_cobsccomp192p-047_cwTests.release.xcconfig */;
			buildSettings = {
				ALWAYS_EMBED_SWIFT_STANDARD_LIBRARIES = YES;
				BUNDLE_LOADER = "$(TEST_HOST)";
				CODE_SIGN_STYLE = Automatic;
				INFOPLIST_FILE = "CafeManager_cobsccomp192p-047_cwTests/Info.plist";
				IPHONEOS_DEPLOYMENT_TARGET = 14.4;
				LD_RUNPATH_SEARCH_PATHS = (
					"$(inherited)",
					"@executable_path/Frameworks",
					"@loader_path/Frameworks",
				);
				PRODUCT_BUNDLE_IDENTIFIER = "nibm.CafeManager-cobsccomp192p-047-cwTests";
				PRODUCT_NAME = "$(TARGET_NAME)";
				SWIFT_VERSION = 5.0;
				TARGETED_DEVICE_FAMILY = "1,2";
				TEST_HOST = "$(BUILT_PRODUCTS_DIR)/CafeManager_cobsccomp192p-047_cw.app/CafeManager_cobsccomp192p-047_cw";
			};
			name = Release;
		};
		79078916263C0E3C00AECB6A /* Debug */ = {
			isa = XCBuildConfiguration;
			baseConfigurationReference = F6E2AFB12C34362F3DC2CC89 /* Pods-CafeManager_cobsccomp192p-047_cw-CafeManager_cobsccomp192p-047_cwUITests.debug.xcconfig */;
			buildSettings = {
				ALWAYS_EMBED_SWIFT_STANDARD_LIBRARIES = YES;
				CODE_SIGN_STYLE = Automatic;
				INFOPLIST_FILE = "CafeManager_cobsccomp192p-047_cwUITests/Info.plist";
				LD_RUNPATH_SEARCH_PATHS = (
					"$(inherited)",
					"@executable_path/Frameworks",
					"@loader_path/Frameworks",
				);
				PRODUCT_BUNDLE_IDENTIFIER = "nibm.CafeManager-cobsccomp192p-047-cwUITests";
				PRODUCT_NAME = "$(TARGET_NAME)";
				SWIFT_VERSION = 5.0;
				TARGETED_DEVICE_FAMILY = "1,2";
				TEST_TARGET_NAME = "CafeManager_cobsccomp192p-047_cw";
			};
			name = Debug;
		};
		79078917263C0E3C00AECB6A /* Release */ = {
			isa = XCBuildConfiguration;
			baseConfigurationReference = 437168FFBFE468F04CFB1C71 /* Pods-CafeManager_cobsccomp192p-047_cw-CafeManager_cobsccomp192p-047_cwUITests.release.xcconfig */;
			buildSettings = {
				ALWAYS_EMBED_SWIFT_STANDARD_LIBRARIES = YES;
				CODE_SIGN_STYLE = Automatic;
				INFOPLIST_FILE = "CafeManager_cobsccomp192p-047_cwUITests/Info.plist";
				LD_RUNPATH_SEARCH_PATHS = (
					"$(inherited)",
					"@executable_path/Frameworks",
					"@loader_path/Frameworks",
				);
				PRODUCT_BUNDLE_IDENTIFIER = "nibm.CafeManager-cobsccomp192p-047-cwUITests";
				PRODUCT_NAME = "$(TARGET_NAME)";
				SWIFT_VERSION = 5.0;
				TARGETED_DEVICE_FAMILY = "1,2";
				TEST_TARGET_NAME = "CafeManager_cobsccomp192p-047_cw";
			};
			name = Release;
		};
/* End XCBuildConfiguration section */

/* Begin XCConfigurationList section */
		790788E0263C0E3A00AECB6A /* Build configuration list for PBXProject "CafeManager_cobsccomp192p-047_cw" */ = {
			isa = XCConfigurationList;
			buildConfigurations = (
				7907890D263C0E3C00AECB6A /* Debug */,
				7907890E263C0E3C00AECB6A /* Release */,
			);
			defaultConfigurationIsVisible = 0;
			defaultConfigurationName = Release;
		};
		7907890F263C0E3C00AECB6A /* Build configuration list for PBXNativeTarget "CafeManager_cobsccomp192p-047_cw" */ = {
			isa = XCConfigurationList;
			buildConfigurations = (
				79078910263C0E3C00AECB6A /* Debug */,
				79078911263C0E3C00AECB6A /* Release */,
			);
			defaultConfigurationIsVisible = 0;
			defaultConfigurationName = Release;
		};
		79078912263C0E3C00AECB6A /* Build configuration list for PBXNativeTarget "CafeManager_cobsccomp192p-047_cwTests" */ = {
			isa = XCConfigurationList;
			buildConfigurations = (
				79078913263C0E3C00AECB6A /* Debug */,
				79078914263C0E3C00AECB6A /* Release */,
			);
			defaultConfigurationIsVisible = 0;
			defaultConfigurationName = Release;
		};
		79078915263C0E3C00AECB6A /* Build configuration list for PBXNativeTarget "CafeManager_cobsccomp192p-047_cwUITests" */ = {
			isa = XCConfigurationList;
			buildConfigurations = (
				79078916263C0E3C00AECB6A /* Debug */,
				79078917263C0E3C00AECB6A /* Release */,
			);
			defaultConfigurationIsVisible = 0;
			defaultConfigurationName = Release;
		};
/* End XCConfigurationList section */
	};
	rootObject = 790788DD263C0E3A00AECB6A /* Project object */;
}
